lockfileVersion: '9.0'

settings:
  autoInstallPeers: true
  excludeLinksFromLockfile: false

importers:

  .:
    dependencies:
      axios:
        specifier: ^1.7.7
        version: 1.7.7
      moment:
        specifier: ^2.30.1
        version: 2.30.1
      monaco-editor:
        specifier: ^0.52.0
        version: 0.52.0
      pinia:
        specifier: ^2.2.2
        version: 2.2.2(typescript@5.6.2)(vue@3.5.6(typescript@5.6.2))
      vue:
        specifier: ^3.5.6
        version: 3.5.6(typescript@5.6.2)
      vue-router:
        specifier: ^4.4.5
        version: 4.4.5(vue@3.5.6(typescript@5.6.2))
    devDependencies:
      '@arco-design/web-vue':
        specifier: ^2.56.2
        version: 2.56.2(vue@3.5.6(typescript@5.6.2))
      '@types/node':
        specifier: ^22.5.5
        version: 22.5.5
      '@vitejs/plugin-vue':
        specifier: ^5.1.4
        version: 5.1.4(vite@5.4.6(@types/node@22.5.5)(sass@1.79.2))(vue@3.5.6(typescript@5.6.2))
      sass:
        specifier: ^1.79.2
        version: 1.79.2
      typescript:
        specifier: ^5.6.2
        version: 5.6.2
      vite:
        specifier: ^5.4.6
        version: 5.4.6(@types/node@22.5.5)(sass@1.79.2)
      vue-tsc:
        specifier: ^2.1.6
        version: 2.1.6(typescript@5.6.2)

packages:

  '@arco-design/color@0.4.0':
    resolution: {integrity: sha512-s7p9MSwJgHeL8DwcATaXvWT3m2SigKpxx4JA1BGPHL4gfvaQsmQfrLBDpjOJFJuJ2jG2dMt3R3P8Pm9E65q18g==}

  '@arco-design/web-vue@2.56.2':
    resolution: {integrity: sha512-tKSED9mGWaaJ1QUHhJtk0o/N9LHMiShVJwZRUynk2UxEnwMpQ81rI5LRDE0DbJl9GEIRMEiXVP3scp7g3Oe8yA==}
    peerDependencies:
      vue: ^3.1.0

  '@babel/helper-string-parser@7.24.8':
    resolution: {integrity: sha512-pO9KhhRcuUyGnJWwyEgnRJTSIZHiT+vMD0kPeD+so0l7mxkMT19g3pjY9GTnHySck/hDzq+dtW/4VgnMkippsQ==}
    engines: {node: '>=6.9.0'}

  '@babel/helper-validator-identifier@7.24.7':
    resolution: {integrity: sha512-rR+PBcQ1SMQDDyF6X0wxtG8QyLCgUB0eRAGguqRLfkCA87l7yAP7ehq8SNj96OOGTO8OBV70KhuFYcIkHXOg0w==}
    engines: {node: '>=6.9.0'}

  '@babel/parser@7.25.6':
    resolution: {integrity: sha512-trGdfBdbD0l1ZPmcJ83eNxB9rbEax4ALFTF7fN386TMYbeCQbyme5cOEXQhbGXKebwGaB/J52w1mrklMcbgy6Q==}
    engines: {node: '>=6.0.0'}
    hasBin: true

  '@babel/types@7.25.6':
    resolution: {integrity: sha512-/l42B1qxpG6RdfYf343Uw1vmDjeNhneUXtzhojE7pDgfpEypmRhI6j1kr17XCVv4Cgl9HdAiQY2x0GwKm7rWCw==}
    engines: {node: '>=6.9.0'}

  '@esbuild/aix-ppc64@0.21.5':
    resolution: {integrity: sha512-1SDgH6ZSPTlggy1yI6+Dbkiz8xzpHJEVAlF/AM1tHPLsf5STom9rwtjE4hKAF20FfXXNTFqEYXyJNWh1GiZedQ==}
    engines: {node: '>=12'}
    cpu: [ppc64]
    os: [aix]

  '@esbuild/android-arm64@0.21.5':
    resolution: {integrity: sha512-c0uX9VAUBQ7dTDCjq+wdyGLowMdtR/GoC2U5IYk/7D1H1JYC0qseD7+11iMP2mRLN9RcCMRcjC4YMclCzGwS/A==}
    engines: {node: '>=12'}
    cpu: [arm64]
    os: [android]

  '@esbuild/android-arm@0.21.5':
    resolution: {integrity: sha512-vCPvzSjpPHEi1siZdlvAlsPxXl7WbOVUBBAowWug4rJHb68Ox8KualB+1ocNvT5fjv6wpkX6o/iEpbDrf68zcg==}
    engines: {node: '>=12'}
    cpu: [arm]
    os: [android]

  '@esbuild/android-x64@0.21.5':
    resolution: {integrity: sha512-D7aPRUUNHRBwHxzxRvp856rjUHRFW1SdQATKXH2hqA0kAZb1hKmi02OpYRacl0TxIGz/ZmXWlbZgjwWYaCakTA==}
    engines: {node: '>=12'}
    cpu: [x64]
    os: [android]

  '@esbuild/darwin-arm64@0.21.5':
    resolution: {integrity: sha512-DwqXqZyuk5AiWWf3UfLiRDJ5EDd49zg6O9wclZ7kUMv2WRFr4HKjXp/5t8JZ11QbQfUS6/cRCKGwYhtNAY88kQ==}
    engines: {node: '>=12'}
    cpu: [arm64]
    os: [darwin]

  '@esbuild/darwin-x64@0.21.5':
    resolution: {integrity: sha512-se/JjF8NlmKVG4kNIuyWMV/22ZaerB+qaSi5MdrXtd6R08kvs2qCN4C09miupktDitvh8jRFflwGFBQcxZRjbw==}
    engines: {node: '>=12'}
    cpu: [x64]
    os: [darwin]

  '@esbuild/freebsd-arm64@0.21.5':
    resolution: {integrity: sha512-5JcRxxRDUJLX8JXp/wcBCy3pENnCgBR9bN6JsY4OmhfUtIHe3ZW0mawA7+RDAcMLrMIZaf03NlQiX9DGyB8h4g==}
    engines: {node: '>=12'}
    cpu: [arm64]
    os: [freebsd]

  '@esbuild/freebsd-x64@0.21.5':
    resolution: {integrity: sha512-J95kNBj1zkbMXtHVH29bBriQygMXqoVQOQYA+ISs0/2l3T9/kj42ow2mpqerRBxDJnmkUDCaQT/dfNXWX/ZZCQ==}
    engines: {node: '>=12'}
    cpu: [x64]
    os: [freebsd]

  '@esbuild/linux-arm64@0.21.5':
    resolution: {integrity: sha512-ibKvmyYzKsBeX8d8I7MH/TMfWDXBF3db4qM6sy+7re0YXya+K1cem3on9XgdT2EQGMu4hQyZhan7TeQ8XkGp4Q==}
    engines: {node: '>=12'}
    cpu: [arm64]
    os: [linux]

  '@esbuild/linux-arm@0.21.5':
    resolution: {integrity: sha512-bPb5AHZtbeNGjCKVZ9UGqGwo8EUu4cLq68E95A53KlxAPRmUyYv2D6F0uUI65XisGOL1hBP5mTronbgo+0bFcA==}
    engines: {node: '>=12'}
    cpu: [arm]
    os: [linux]

  '@esbuild/linux-ia32@0.21.5':
    resolution: {integrity: sha512-YvjXDqLRqPDl2dvRODYmmhz4rPeVKYvppfGYKSNGdyZkA01046pLWyRKKI3ax8fbJoK5QbxblURkwK/MWY18Tg==}
    engines: {node: '>=12'}
    cpu: [ia32]
    os: [linux]

  '@esbuild/linux-loong64@0.21.5':
    resolution: {integrity: sha512-uHf1BmMG8qEvzdrzAqg2SIG/02+4/DHB6a9Kbya0XDvwDEKCoC8ZRWI5JJvNdUjtciBGFQ5PuBlpEOXQj+JQSg==}
    engines: {node: '>=12'}
    cpu: [loong64]
    os: [linux]

  '@esbuild/linux-mips64el@0.21.5':
    resolution: {integrity: sha512-IajOmO+KJK23bj52dFSNCMsz1QP1DqM6cwLUv3W1QwyxkyIWecfafnI555fvSGqEKwjMXVLokcV5ygHW5b3Jbg==}
    engines: {node: '>=12'}
    cpu: [mips64el]
    os: [linux]

  '@esbuild/linux-ppc64@0.21.5':
    resolution: {integrity: sha512-1hHV/Z4OEfMwpLO8rp7CvlhBDnjsC3CttJXIhBi+5Aj5r+MBvy4egg7wCbe//hSsT+RvDAG7s81tAvpL2XAE4w==}
    engines: {node: '>=12'}
    cpu: [ppc64]
    os: [linux]

  '@esbuild/linux-riscv64@0.21.5':
    resolution: {integrity: sha512-2HdXDMd9GMgTGrPWnJzP2ALSokE/0O5HhTUvWIbD3YdjME8JwvSCnNGBnTThKGEB91OZhzrJ4qIIxk/SBmyDDA==}
    engines: {node: '>=12'}
    cpu: [riscv64]
    os: [linux]

  '@esbuild/linux-s390x@0.21.5':
    resolution: {integrity: sha512-zus5sxzqBJD3eXxwvjN1yQkRepANgxE9lgOW2qLnmr8ikMTphkjgXu1HR01K4FJg8h1kEEDAqDcZQtbrRnB41A==}
    engines: {node: '>=12'}
    cpu: [s390x]
    os: [linux]

  '@esbuild/linux-x64@0.21.5':
    resolution: {integrity: sha512-1rYdTpyv03iycF1+BhzrzQJCdOuAOtaqHTWJZCWvijKD2N5Xu0TtVC8/+1faWqcP9iBCWOmjmhoH94dH82BxPQ==}
    engines: {node: '>=12'}
    cpu: [x64]
    os: [linux]

  '@esbuild/netbsd-x64@0.21.5':
    resolution: {integrity: sha512-Woi2MXzXjMULccIwMnLciyZH4nCIMpWQAs049KEeMvOcNADVxo0UBIQPfSmxB3CWKedngg7sWZdLvLczpe0tLg==}
    engines: {node: '>=12'}
    cpu: [x64]
    os: [netbsd]

  '@esbuild/openbsd-x64@0.21.5':
    resolution: {integrity: sha512-HLNNw99xsvx12lFBUwoT8EVCsSvRNDVxNpjZ7bPn947b8gJPzeHWyNVhFsaerc0n3TsbOINvRP2byTZ5LKezow==}
    engines: {node: '>=12'}
    cpu: [x64]
    os: [openbsd]

  '@esbuild/sunos-x64@0.21.5':
    resolution: {integrity: sha512-6+gjmFpfy0BHU5Tpptkuh8+uw3mnrvgs+dSPQXQOv3ekbordwnzTVEb4qnIvQcYXq6gzkyTnoZ9dZG+D4garKg==}
    engines: {node: '>=12'}
    cpu: [x64]
    os: [sunos]

  '@esbuild/win32-arm64@0.21.5':
    resolution: {integrity: sha512-Z0gOTd75VvXqyq7nsl93zwahcTROgqvuAcYDUr+vOv8uHhNSKROyU961kgtCD1e95IqPKSQKH7tBTslnS3tA8A==}
    engines: {node: '>=12'}
    cpu: [arm64]
    os: [win32]

  '@esbuild/win32-ia32@0.21.5':
    resolution: {integrity: sha512-SWXFF1CL2RVNMaVs+BBClwtfZSvDgtL//G/smwAc5oVK/UPu2Gu9tIaRgFmYFFKrmg3SyAjSrElf0TiJ1v8fYA==}
    engines: {node: '>=12'}
    cpu: [ia32]
    os: [win32]

  '@esbuild/win32-x64@0.21.5':
    resolution: {integrity: sha512-tQd/1efJuzPC6rCFwEvLtci/xNFcTZknmXs98FYDfGE4wP9ClFV98nyKrzJKVPMhdDnjzLhdUyMX4PsQAPjwIw==}
    engines: {node: '>=12'}
    cpu: [x64]
    os: [win32]

  '@jridgewell/sourcemap-codec@1.5.0':
    resolution: {integrity: sha512-gv3ZRaISU3fjPAgNsriBRqGWQL6quFx04YMPW/zD8XMLsU32mhCCbfbO6KZFLjvYpCZ8zyDEgqsgf+PwPaM7GQ==}

  '@rollup/rollup-android-arm-eabi@4.22.0':
    resolution: {integrity: sha512-/IZQvg6ZR0tAkEi4tdXOraQoWeJy9gbQ/cx4I7k9dJaCk9qrXEcdouxRVz5kZXt5C2bQ9pILoAA+KB4C/d3pfw==}
    cpu: [arm]
    os: [android]

  '@rollup/rollup-android-arm64@4.22.0':
    resolution: {integrity: sha512-ETHi4bxrYnvOtXeM7d4V4kZWixib2jddFacJjsOjwbgYSRsyXYtZHC4ht134OsslPIcnkqT+TKV4eU8rNBKyyQ==}
    cpu: [arm64]
    os: [android]

  '@rollup/rollup-darwin-arm64@4.22.0':
    resolution: {integrity: sha512-ZWgARzhSKE+gVUX7QWaECoRQsPwaD8ZR0Oxb3aUpzdErTvlEadfQpORPXkKSdKbFci9v8MJfkTtoEHnnW9Ulng==}
    cpu: [arm64]
    os: [darwin]

  '@rollup/rollup-darwin-x64@4.22.0':
    resolution: {integrity: sha512-h0ZAtOfHyio8Az6cwIGS+nHUfRMWBDO5jXB8PQCARVF6Na/G6XS2SFxDl8Oem+S5ZsHQgtsI7RT4JQnI1qrlaw==}
    cpu: [x64]
    os: [darwin]

  '@rollup/rollup-linux-arm-gnueabihf@4.22.0':
    resolution: {integrity: sha512-9pxQJSPwFsVi0ttOmqLY4JJ9pg9t1gKhK0JDbV1yUEETSx55fdyCjt39eBQ54OQCzAF0nVGO6LfEH1KnCPvelA==}
    cpu: [arm]
    os: [linux]

  '@rollup/rollup-linux-arm-musleabihf@4.22.0':
    resolution: {integrity: sha512-YJ5Ku5BmNJZb58A4qSEo3JlIG4d3G2lWyBi13ABlXzO41SsdnUKi3HQHe83VpwBVG4jHFTW65jOQb8qyoR+qzg==}
    cpu: [arm]
    os: [linux]

  '@rollup/rollup-linux-arm64-gnu@4.22.0':
    resolution: {integrity: sha512-U4G4u7f+QCqHlVg1Nlx+qapZy+QoG+NV6ux+upo/T7arNGwKvKP2kmGM4W5QTbdewWFgudQxi3kDNST9GT1/mg==}
    cpu: [arm64]
    os: [linux]

  '@rollup/rollup-linux-arm64-musl@4.22.0':
    resolution: {integrity: sha512-aQpNlKmx3amwkA3a5J6nlXSahE1ijl0L9KuIjVOUhfOh7uw2S4piR3mtpxpRtbnK809SBtyPsM9q15CPTsY7HQ==}
    cpu: [arm64]
    os: [linux]

  '@rollup/rollup-linux-powerpc64le-gnu@4.22.0':
    resolution: {integrity: sha512-9fx6Zj/7vve/Fp4iexUFRKb5+RjLCff6YTRQl4CoDhdMfDoobWmhAxQWV3NfShMzQk1Q/iCnageFyGfqnsmeqQ==}
    cpu: [ppc64]
    os: [linux]

  '@rollup/rollup-linux-riscv64-gnu@4.22.0':
    resolution: {integrity: sha512-VWQiCcN7zBgZYLjndIEh5tamtnKg5TGxyZPWcN9zBtXBwfcGSZ5cHSdQZfQH/GB4uRxk0D3VYbOEe/chJhPGLQ==}
    cpu: [riscv64]
    os: [linux]

  '@rollup/rollup-linux-s390x-gnu@4.22.0':
    resolution: {integrity: sha512-EHmPnPWvyYqncObwqrosb/CpH3GOjE76vWVs0g4hWsDRUVhg61hBmlVg5TPXqF+g+PvIbqkC7i3h8wbn4Gp2Fg==}
    cpu: [s390x]
    os: [linux]

  '@rollup/rollup-linux-x64-gnu@4.22.0':
    resolution: {integrity: sha512-tsSWy3YQzmpjDKnQ1Vcpy3p9Z+kMFbSIesCdMNgLizDWFhrLZIoN21JSq01g+MZMDFF+Y1+4zxgrlqPjid5ohg==}
    cpu: [x64]
    os: [linux]

  '@rollup/rollup-linux-x64-musl@4.22.0':
    resolution: {integrity: sha512-anr1Y11uPOQrpuU8XOikY5lH4Qu94oS6j0xrulHk3NkLDq19MlX8Ng/pVipjxBJ9a2l3+F39REZYyWQFkZ4/fw==}
    cpu: [x64]
    os: [linux]

  '@rollup/rollup-win32-arm64-msvc@4.22.0':
    resolution: {integrity: sha512-7LB+Bh+Ut7cfmO0m244/asvtIGQr5pG5Rvjz/l1Rnz1kDzM02pSX9jPaS0p+90H5I1x4d1FkCew+B7MOnoatNw==}
    cpu: [arm64]
    os: [win32]

  '@rollup/rollup-win32-ia32-msvc@4.22.0':
    resolution: {integrity: sha512-+3qZ4rer7t/QsC5JwMpcvCVPRcJt1cJrYS/TMJZzXIJbxWFQEVhrIc26IhB+5Z9fT9umfVc+Es2mOZgl+7jdJQ==}
    cpu: [ia32]
    os: [win32]

  '@rollup/rollup-win32-x64-msvc@4.22.0':
    resolution: {integrity: sha512-YdicNOSJONVx/vuPkgPTyRoAPx3GbknBZRCOUkK84FJ/YTfs/F0vl/YsMscrB6Y177d+yDRcj+JWMPMCgshwrA==}
    cpu: [x64]
    os: [win32]

  '@types/estree@1.0.5':
    resolution: {integrity: sha512-/kYRxGDLWzHOB7q+wtSUQlFrtcdUccpfy+X+9iMBpHK8QLLhx2wIPYuS5DYtR9Wa/YlZAbIovy7qVdB1Aq6Lyw==}

  '@types/node@22.5.5':
    resolution: {integrity: sha512-Xjs4y5UPO/CLdzpgR6GirZJx36yScjh73+2NlLlkFRSoQN8B0DpfXPdZGnvVmLRLOsqDpOfTNv7D9trgGhmOIA==}

  '@vitejs/plugin-vue@5.1.4':
    resolution: {integrity: sha512-N2XSI2n3sQqp5w7Y/AN/L2XDjBIRGqXko+eDp42sydYSBeJuSm5a1sLf8zakmo8u7tA8NmBgoDLA1HeOESjp9A==}
    engines: {node: ^18.0.0 || >=20.0.0}
    peerDependencies:
      vite: ^5.0.0
      vue: ^3.2.25

  '@volar/language-core@2.4.5':
    resolution: {integrity: sha512-F4tA0DCO5Q1F5mScHmca0umsi2ufKULAnMOVBfMsZdT4myhVl4WdKRwCaKcfOkIEuyrAVvtq1ESBdZ+rSyLVww==}

  '@volar/source-map@2.4.5':
    resolution: {integrity: sha512-varwD7RaKE2J/Z+Zu6j3mNNJbNT394qIxXwdvz/4ao/vxOfyClZpSDtLKkwWmecinkOVos5+PWkWraelfMLfpw==}

  '@volar/typescript@2.4.5':
    resolution: {integrity: sha512-mcT1mHvLljAEtHviVcBuOyAwwMKz1ibXTi5uYtP/pf4XxoAzpdkQ+Br2IC0NPCvLCbjPZmbf3I0udndkfB1CDg==}

  '@vue/compiler-core@3.5.6':
    resolution: {integrity: sha512-r+gNu6K4lrvaQLQGmf+1gc41p3FO2OUJyWmNqaIITaJU6YFiV5PtQSFZt8jfztYyARwqhoCayjprC7KMvT3nRA==}

  '@vue/compiler-dom@3.5.6':
    resolution: {integrity: sha512-xRXqxDrIqK8v8sSScpistyYH0qYqxakpsIvqMD2e5sV/PXQ1mTwtXp4k42yHK06KXxKSmitop9e45Ui/3BrTEw==}

  '@vue/compiler-sfc@3.5.6':
    resolution: {integrity: sha512-pjWJ8Kj9TDHlbF5LywjVso+BIxCY5wVOLhkEXRhuCHDxPFIeX1zaFefKs8RYoHvkSMqRWt93a0f2gNJVJixHwg==}

  '@vue/compiler-ssr@3.5.6':
    resolution: {integrity: sha512-VpWbaZrEOCqnmqjE83xdwegtr5qO/2OPUC6veWgvNqTJ3bYysz6vY3VqMuOijubuUYPRpG3OOKIh9TD0Stxb9A==}

  '@vue/compiler-vue2@2.7.16':
    resolution: {integrity: sha512-qYC3Psj9S/mfu9uVi5WvNZIzq+xnXMhOwbTFKKDD7b1lhpnn71jXSFdTQ+WsIEk0ONCd7VV2IMm7ONl6tbQ86A==}

  '@vue/devtools-api@6.6.4':
    resolution: {integrity: sha512-sGhTPMuXqZ1rVOk32RylztWkfXTRhuS7vgAKv0zjqk8gbsHkJ7xfFf+jbySxt7tWObEJwyKaHMikV/WGDiQm8g==}

  '@vue/language-core@2.1.6':
    resolution: {integrity: sha512-MW569cSky9R/ooKMh6xa2g1D0AtRKbL56k83dzus/bx//RDJk24RHWkMzbAlXjMdDNyxAaagKPRquBIxkxlCkg==}
    peerDependencies:
      typescript: '*'
    peerDependenciesMeta:
      typescript:
        optional: true

  '@vue/reactivity@3.5.6':
    resolution: {integrity: sha512-shZ+KtBoHna5GyUxWfoFVBCVd7k56m6lGhk5e+J9AKjheHF6yob5eukssHRI+rzvHBiU1sWs/1ZhNbLExc5oYQ==}

  '@vue/runtime-core@3.5.6':
    resolution: {integrity: sha512-FpFULR6+c2lI+m1fIGONLDqPQO34jxV8g6A4wBOgne8eSRHP6PQL27+kWFIx5wNhhjkO7B4rgtsHAmWv7qKvbg==}

  '@vue/runtime-dom@3.5.6':
    resolution: {integrity: sha512-SDPseWre45G38ENH2zXRAHL1dw/rr5qp91lS4lt/nHvMr0MhsbCbihGAWLXNB/6VfFOJe2O+RBRkXU+CJF7/sw==}

  '@vue/server-renderer@3.5.6':
    resolution: {integrity: sha512-zivnxQnOnwEXVaT9CstJ64rZFXMS5ZkKxCjDQKiMSvUhXRzFLWZVbaBiNF4HGDqGNNsTgmjcCSmU6TB/0OOxLA==}
    peerDependencies:
      vue: 3.5.6

  '@vue/shared@3.5.6':
    resolution: {integrity: sha512-eidH0HInnL39z6wAt6SFIwBrvGOpDWsDxlw3rCgo1B+CQ1781WzQUSU3YjxgdkcJo9Q8S6LmXTkvI+cLHGkQfA==}

  asynckit@0.4.0:
    resolution: {integrity: sha512-Oei9OH4tRh0YqU3GxhX79dM/mwVgvbZJaSNaRk+bshkj0S5cfHcgYakreBjrHwatXKbz+IoIdYLxrKim2MjW0Q==}

  axios@1.7.7:
    resolution: {integrity: sha512-S4kL7XrjgBmvdGut0sN3yJxqYzrDOnivkBiN0OFs6hLiUam3UPvswUo0kqGyhqUZGEOytHyumEdXsAkgCOUf3Q==}

  b-tween@0.3.3:
    resolution: {integrity: sha512-oEHegcRpA7fAuc9KC4nktucuZn2aS8htymCPcP3qkEGPqiBH+GfqtqoG2l7LxHngg6O0HFM7hOeOYExl1Oz4ZA==}

  b-validate@1.5.3:
    resolution: {integrity: sha512-iCvCkGFskbaYtfQ0a3GmcQCHl/Sv1GufXFGuUQ+FE+WJa7A/espLOuFIn09B944V8/ImPj71T4+rTASxO2PAuA==}

  balanced-match@1.0.2:
    resolution: {integrity: sha512-3oSeUO0TMV67hN1AmbXsK4yaqU7tjiHlbxRDZOpH0KW9+CeX4bRAaX0Anxt0tx2MrpRpWwQaPwIlISEJhYU5Pw==}

  brace-expansion@2.0.1:
    resolution: {integrity: sha512-XnAIvQ8eM+kC6aULx6wuQiwVsnzsi9d3WxzV3FpWTGA19F621kwdbsAcFKXgKUHZWsy+mY6iL1sHTxWEFCytDA==}

  chokidar@4.0.0:
    resolution: {integrity: sha512-mxIojEAQcuEvT/lyXq+jf/3cO/KoA6z4CeNDGGevTybECPOMFCnQy3OPahluUkbqgPNGw5Bi78UC7Po6Lhy+NA==}
    engines: {node: '>= 14.16.0'}

  color-convert@1.9.3:
    resolution: {integrity: sha512-QfAUtd+vFdAtFQcC8CCyYt1fYWxSqAiK2cSD6zDB8N3cpsEBAvRxp9zOGg6G/SHHJYAT88/az/IuDGALsNVbGg==}

  color-name@1.1.3:
    resolution: {integrity: sha512-72fSenhMw2HZMTVHeCA9KCmpEIbzWiQsjN+BHcBbS9vr1mtt+vJjPdksIBNUmKAW8TFUDPJK5SUU3QhE9NEXDw==}

  color-name@1.1.4:
    resolution: {integrity: sha512-dOy+3AuW3a2wNbZHIuMZpTcgjGuLU/uBL/ubcZF9OXbDo8ff4O8yVp5Bf0efS8uEoYo5q4Fx7dY9OgQGXgAsQA==}

  color-string@1.9.1:
    resolution: {integrity: sha512-shrVawQFojnZv6xM40anx4CkoDP+fZsw/ZerEMsW/pyzsRbElpsL/DBVW7q3ExxwusdNXI3lXpuhEZkzs8p5Eg==}

  color@3.2.1:
    resolution: {integrity: sha512-aBl7dZI9ENN6fUGC7mWpMTPNHmWUSNan9tuWN6ahh5ZLNk9baLJOnSMlrQkHcrfFgz2/RigjUVAjdx36VcemKA==}

  combined-stream@1.0.8:
    resolution: {integrity: sha512-FQN4MRfuJeHf7cBbBMJFXhKSDq+2kAArBlmRBvcvFE5BB1HZKXtSFASDhdlz9zOYwxh8lDdnvmMOe/+5cdoEdg==}
    engines: {node: '>= 0.8'}

  compute-scroll-into-view@1.0.20:
    resolution: {integrity: sha512-UCB0ioiyj8CRjtrvaceBLqqhZCVP+1B8+NWQhmdsm0VXOJtobBCf1dBQmebCCo34qZmUwZfIH2MZLqNHazrfjg==}

  computeds@0.0.1:
    resolution: {integrity: sha512-7CEBgcMjVmitjYo5q8JTJVra6X5mQ20uTThdK+0kR7UEaDrAWEQcRiBtWJzga4eRpP6afNwwLsX2SET2JhVB1Q==}

  csstype@3.1.3:
    resolution: {integrity: sha512-M1uQkMl8rQK/szD0LNhtqxIPLpimGm8sOBwU7lLnCpSbTyY3yeU1Vc7l4KT5zT4s/yOxHH5O7tIuuLOCnLADRw==}

  dayjs@1.11.13:
    resolution: {integrity: sha512-oaMBel6gjolK862uaPQOVTA7q3TZhuSvuMQAAglQDOWYO9A91IrAOUJEyKVlqJlHE0vq5p5UXxzdPfMH/x6xNg==}

  de-indent@1.0.2:
    resolution: {integrity: sha512-e/1zu3xH5MQryN2zdVaF0OrdNLUbvWxzMbi+iNA6Bky7l1RoP8a2fIbRocyHclXt/arDrrR6lL3TqFD9pMQTsg==}

  delayed-stream@1.0.0:
    resolution: {integrity: sha512-ZySD7Nf91aLB0RxL4KGrKHBXl7Eds1DAmEdcoVawXnLD7SDhpNgtuII2aAkg7a7QS41jxPSZ17p4VdGnMHk3MQ==}
    engines: {node: '>=0.4.0'}

  entities@4.5.0:
    resolution: {integrity: sha512-V0hjH4dGPh9Ao5p0MoRY6BVqtwCjhz6vI5LT8AJ55H+4g9/4vbHx1I54fS0XuclLhDHArPQCiMjDxjaL8fPxhw==}
    engines: {node: '>=0.12'}

  esbuild@0.21.5:
    resolution: {integrity: sha512-mg3OPMV4hXywwpoDxu3Qda5xCKQi+vCTZq8S9J/EpkhB2HzKXq4SNFZE3+NK93JYxc8VMSep+lOUSC/RVKaBqw==}
    engines: {node: '>=12'}
    hasBin: true

  estree-walker@2.0.2:
    resolution: {integrity: sha512-Rfkk/Mp/DL7JVje3u18FxFujQlTNR2q6QfMSMB7AvCBx91NGj/ba3kCfza0f6dVDbw7YlRf/nDrn7pQrCCyQ/w==}

  follow-redirects@1.15.9:
    resolution: {integrity: sha512-gew4GsXizNgdoRyqmyfMHyAmXsZDk6mHkSxZFCzW9gwlbtOW44CDtYavM+y+72qD/Vq2l550kMF52DT8fOLJqQ==}
    engines: {node: '>=4.0'}
    peerDependencies:
      debug: '*'
    peerDependenciesMeta:
      debug:
        optional: true

  form-data@4.0.0:
    resolution: {integrity: sha512-ETEklSGi5t0QMZuiXoA/Q6vcnxcLQP5vdugSpuAyi6SVGi2clPPp+xgEhuMaHC+zGgn31Kd235W35f7Hykkaww==}
    engines: {node: '>= 6'}

  fsevents@2.3.3:
    resolution: {integrity: sha512-5xoDfX+fL7faATnagmWPpbFtwh/R77WmMMqqHGS65C3vvB0YHrgF+B1YmZ3441tMj5n63k0212XNoJwzlhffQw==}
    engines: {node: ^8.16.0 || ^10.6.0 || >=11.0.0}
    os: [darwin]

  he@1.2.0:
    resolution: {integrity: sha512-F/1DnUGPopORZi0ni+CvrCgHQ5FyEAHRLSApuYWMmrbSwoN2Mn/7k+Gl38gJnR7yyDZk6WLXwiGod1JOWNDKGw==}
    hasBin: true

  immutable@4.3.7:
    resolution: {integrity: sha512-1hqclzwYwjRDFLjcFxOM5AYkkG0rpFPpr1RLPMEuGczoS7YA8gLhy8SWXYRAA/XwfEHpfo3cw5JGioS32fnMRw==}

  is-arrayish@0.3.2:
    resolution: {integrity: sha512-eVRqCvVlZbuw3GrM63ovNSNAeA1K16kaR/LRY/92w0zxQ5/1YzwblUX652i4Xs9RwAGjW9d9y6X88t8OaAJfWQ==}

  magic-string@0.30.11:
    resolution: {integrity: sha512-+Wri9p0QHMy+545hKww7YAu5NyzF8iomPL/RQazugQ9+Ez4Ic3mERMd8ZTX5rfK944j+560ZJi8iAwgak1Ac7A==}

  mime-db@1.52.0:
    resolution: {integrity: sha512-sPU4uV7dYlvtWJxwwxHD0PuihVNiE7TyAbQ5SWxDCB9mUYvOgroQOwYQQOKPJ8CIbE+1ETVlOoK1UC2nU3gYvg==}
    engines: {node: '>= 0.6'}

  mime-types@2.1.35:
    resolution: {integrity: sha512-ZDY+bPm5zTTF+YpCrAU9nK0UgICYPT0QtT1NZWFv4s++TNkcgVaT0g6+4R2uI4MjQjzysHB1zxuWL50hzaeXiw==}
    engines: {node: '>= 0.6'}

  minimatch@9.0.5:
    resolution: {integrity: sha512-G6T0ZX48xgozx7587koeX9Ys2NYy6Gmv//P89sEte9V9whIapMNF4idKxnW2QtCcLiTWlb/wfCabAtAFWhhBow==}
    engines: {node: '>=16 || 14 >=14.17'}

  moment@2.30.1:
    resolution: {integrity: sha512-uEmtNhbDOrWPFS+hdjFCBfy9f2YoyzRpwcl+DqpC6taX21FzsTLQVbMV/W7PzNSX6x/bhC1zA3c2UQ5NzH6how==}

  monaco-editor@0.52.0:
    resolution: {integrity: sha512-OeWhNpABLCeTqubfqLMXGsqf6OmPU6pHM85kF3dhy6kq5hnhuVS1p3VrEW/XhWHc71P2tHyS5JFySD8mgs1crw==}

  muggle-string@0.4.1:
    resolution: {integrity: sha512-VNTrAak/KhO2i8dqqnqnAHOa3cYBwXEZe9h+D5h/1ZqFSTEFHdM65lR7RoIqq3tBBYavsOXV84NoHXZ0AkPyqQ==}

  nanoid@3.3.7:
    resolution: {integrity: sha512-eSRppjcPIatRIMC1U6UngP8XFcz8MQWGQdt1MTBQ7NaAmvXDfvNxbvWV3x2y6CdEUciCSsDHDQZbhYaB8QEo2g==}
    engines: {node: ^10 || ^12 || ^13.7 || ^14 || >=15.0.1}
    hasBin: true

  number-precision@1.6.0:
    resolution: {integrity: sha512-05OLPgbgmnixJw+VvEh18yNPUo3iyp4BEWJcrLu4X9W05KmMifN7Mu5exYvQXqxxeNWhvIF+j3Rij+HmddM/hQ==}

  path-browserify@1.0.1:
    resolution: {integrity: sha512-b7uo2UCUOYZcnF/3ID0lulOJi/bafxa1xPe7ZPsammBSpjSWQkjNxlt635YGS2MiR9GjvuXCtz2emr3jbsz98g==}

  picocolors@1.1.0:
    resolution: {integrity: sha512-TQ92mBOW0l3LeMeyLV6mzy/kWr8lkd/hp3mTg7wYK7zJhuBStmGMBG0BdeDZS/dZx1IukaX6Bk11zcln25o1Aw==}

  pinia@2.2.2:
    resolution: {integrity: sha512-ja2XqFWZC36mupU4z1ZzxeTApV7DOw44cV4dhQ9sGwun+N89v/XP7+j7q6TanS1u1tdbK4r+1BUx7heMaIdagA==}
    peerDependencies:
      '@vue/composition-api': ^1.4.0
      typescript: '>=4.4.4'
      vue: ^2.6.14 || ^3.3.0
    peerDependenciesMeta:
      '@vue/composition-api':
        optional: true
      typescript:
        optional: true

  postcss@8.4.47:
    resolution: {integrity: sha512-56rxCq7G/XfB4EkXq9Egn5GCqugWvDFjafDOThIdMBsI15iqPqR5r15TfSr1YPYeEI19YeaXMCbY6u88Y76GLQ==}
    engines: {node: ^10 || ^12 || >=14}

  proxy-from-env@1.1.0:
    resolution: {integrity: sha512-D+zkORCbA9f1tdWRK0RaCR3GPv50cMxcrz4X8k5LTSUD1Dkw47mKJEZQNunItRTkWwgtaUSo1RVFRIG9ZXiFYg==}

  readdirp@4.0.1:
    resolution: {integrity: sha512-GkMg9uOTpIWWKbSsgwb5fA4EavTR+SG/PMPoAY8hkhHfEEY0/vqljY+XHqtDf2cr2IJtoNRDbrrEpZUiZCkYRw==}
    engines: {node: '>= 14.16.0'}

  resize-observer-polyfill@1.5.1:
    resolution: {integrity: sha512-LwZrotdHOo12nQuZlHEmtuXdqGoOD0OhaxopaNFxWzInpEgaLWoVuAMbTzixuosCx2nEG58ngzW3vxdWoxIgdg==}

  rollup@4.22.0:
    resolution: {integrity: sha512-W21MUIFPZ4+O2Je/EU+GP3iz7PH4pVPUXSbEZdatQnxo29+3rsUjgrJmzuAZU24z7yRAnFN6ukxeAhZh/c7hzg==}
    engines: {node: '>=18.0.0', npm: '>=8.0.0'}
    hasBin: true

  sass@1.79.2:
    resolution: {integrity: sha512-YmT1aoF1MwHsZEu/eXhbAJNsPGAhNP4UixW9ckEwWCvPcVdVF0/C104OGDVEqtoctKq0N+wM20O/rj+sSPsWeg==}
    engines: {node: '>=14.0.0'}
    hasBin: true

  scroll-into-view-if-needed@2.2.31:
    resolution: {integrity: sha512-dGCXy99wZQivjmjIqihaBQNjryrz5rueJY7eHfTdyWEiR4ttYpsajb14rn9s5d4DY4EcY6+4+U/maARBXJedkA==}

  semver@7.6.3:
    resolution: {integrity: sha512-oVekP1cKtI+CTDvHWYFUcMtsK/00wmAEfyqKfNdARm8u1wNVhSgaX7A8d4UuIlUI5e84iEwOhs7ZPYRmzU9U6A==}
    engines: {node: '>=10'}
    hasBin: true

  simple-swizzle@0.2.2:
    resolution: {integrity: sha512-JA//kQgZtbuY83m+xT+tXJkmJncGMTFT+C+g2h2R9uxkYIrE2yy9sgmcLhCnw57/WSD+Eh3J97FPEDFnbXnDUg==}

  source-map-js@1.2.1:
    resolution: {integrity: sha512-UXWMKhLOwVKb728IUtQPXxfYU+usdybtUrK/8uGE8CQMvrhOpwvzDBwj0QhSL7MQc7vIsISBG8VQ8+IDQxpfQA==}
    engines: {node: '>=0.10.0'}

  to-fast-properties@2.0.0:
    resolution: {integrity: sha512-/OaKK0xYrs3DmxRYqL/yDc+FxFUVYhDlXMhRmv3z915w2HF1tnN1omB354j8VUGO/hbRzyD6Y3sA7v7GS/ceog==}
    engines: {node: '>=4'}

  typescript@5.6.2:
    resolution: {integrity: sha512-NW8ByodCSNCwZeghjN3o+JX5OFH0Ojg6sadjEKY4huZ52TqbJTJnDo5+Tw98lSy63NZvi4n+ez5m2u5d4PkZyw==}
    engines: {node: '>=14.17'}
    hasBin: true

  undici-types@6.19.8:
    resolution: {integrity: sha512-ve2KP6f/JnbPBFyobGHuerC9g1FYGn/F8n1LWTwNxCEzd6IfqTwUQcNXgEtmmQ6DlRrC1hrSrBnCZPokRrDHjw==}

  vite@5.4.6:
    resolution: {integrity: sha512-IeL5f8OO5nylsgzd9tq4qD2QqI0k2CQLGrWD0rCN0EQJZpBK5vJAx0I+GDkMOXxQX/OfFHMuLIx6ddAxGX/k+Q==}
    engines: {node: ^18.0.0 || >=20.0.0}
    hasBin: true
    peerDependencies:
      '@types/node': ^18.0.0 || >=20.0.0
      less: '*'
      lightningcss: ^1.21.0
      sass: '*'
      sass-embedded: '*'
      stylus: '*'
      sugarss: '*'
      terser: ^5.4.0
    peerDependenciesMeta:
      '@types/node':
        optional: true
      less:
        optional: true
      lightningcss:
        optional: true
      sass:
        optional: true
      sass-embedded:
        optional: true
      stylus:
        optional: true
      sugarss:
        optional: true
      terser:
        optional: true

  vscode-uri@3.0.8:
    resolution: {integrity: sha512-AyFQ0EVmsOZOlAnxoFOGOq1SQDWAB7C6aqMGS23svWAllfOaxbuFvcT8D1i8z3Gyn8fraVeZNNmN6e9bxxXkKw==}

  vue-demi@0.14.10:
    resolution: {integrity: sha512-nMZBOwuzabUO0nLgIcc6rycZEebF6eeUfaiQx9+WSk8e29IbLvPU9feI6tqW4kTo3hvoYAJkMh8n8D0fuISphg==}
    engines: {node: '>=12'}
    hasBin: true
    peerDependencies:
      '@vue/composition-api': ^1.0.0-rc.1
      vue: ^3.0.0-0 || ^2.6.0
    peerDependenciesMeta:
      '@vue/composition-api':
        optional: true

  vue-router@4.4.5:
    resolution: {integrity: sha512-4fKZygS8cH1yCyuabAXGUAsyi1b2/o/OKgu/RUb+znIYOxPRxdkytJEx+0wGcpBE1pX6vUgh5jwWOKRGvuA/7Q==}
    peerDependencies:
      vue: ^3.2.0

  vue-tsc@2.1.6:
    resolution: {integrity: sha512-f98dyZp5FOukcYmbFpuSCJ4Z0vHSOSmxGttZJCsFeX0M4w/Rsq0s4uKXjcSRsZqsRgQa6z7SfuO+y0HVICE57Q==}
    hasBin: true
    peerDependencies:
      typescript: '>=5.0.0'

  vue@3.5.6:
    resolution: {integrity: sha512-zv+20E2VIYbcJOzJPUWp03NOGFhMmpCKOfSxVTmCYyYFFko48H9tmuQFzYj7tu4qX1AeXlp9DmhIP89/sSxxhw==}
    peerDependencies:
      typescript: '*'
    peerDependenciesMeta:
      typescript:
        optional: true

snapshots:

  '@arco-design/color@0.4.0':
    dependencies:
      color: 3.2.1

  '@arco-design/web-vue@2.56.2(vue@3.5.6(typescript@5.6.2))':
    dependencies:
      '@arco-design/color': 0.4.0
      b-tween: 0.3.3
      b-validate: 1.5.3
      compute-scroll-into-view: 1.0.20
      dayjs: 1.11.13
      number-precision: 1.6.0
      resize-observer-polyfill: 1.5.1
      scroll-into-view-if-needed: 2.2.31
      vue: 3.5.6(typescript@5.6.2)

  '@babel/helper-string-parser@7.24.8': {}

  '@babel/helper-validator-identifier@7.24.7': {}

  '@babel/parser@7.25.6':
    dependencies:
      '@babel/types': 7.25.6

  '@babel/types@7.25.6':
    dependencies:
      '@babel/helper-string-parser': 7.24.8
      '@babel/helper-validator-identifier': 7.24.7
      to-fast-properties: 2.0.0

  '@esbuild/aix-ppc64@0.21.5':
    optional: true

  '@esbuild/android-arm64@0.21.5':
    optional: true

  '@esbuild/android-arm@0.21.5':
    optional: true

  '@esbuild/android-x64@0.21.5':
    optional: true

  '@esbuild/darwin-arm64@0.21.5':
    optional: true

  '@esbuild/darwin-x64@0.21.5':
    optional: true

  '@esbuild/freebsd-arm64@0.21.5':
    optional: true

  '@esbuild/freebsd-x64@0.21.5':
    optional: true

  '@esbuild/linux-arm64@0.21.5':
    optional: true

  '@esbuild/linux-arm@0.21.5':
    optional: true

  '@esbuild/linux-ia32@0.21.5':
    optional: true

  '@esbuild/linux-loong64@0.21.5':
    optional: true

  '@esbuild/linux-mips64el@0.21.5':
    optional: true

  '@esbuild/linux-ppc64@0.21.5':
    optional: true

  '@esbuild/linux-riscv64@0.21.5':
    optional: true

  '@esbuild/linux-s390x@0.21.5':
    optional: true

  '@esbuild/linux-x64@0.21.5':
    optional: true

  '@esbuild/netbsd-x64@0.21.5':
    optional: true

  '@esbuild/openbsd-x64@0.21.5':
    optional: true

  '@esbuild/sunos-x64@0.21.5':
    optional: true

  '@esbuild/win32-arm64@0.21.5':
    optional: true

  '@esbuild/win32-ia32@0.21.5':
    optional: true

  '@esbuild/win32-x64@0.21.5':
    optional: true

  '@jridgewell/sourcemap-codec@1.5.0': {}

  '@rollup/rollup-android-arm-eabi@4.22.0':
    optional: true

  '@rollup/rollup-android-arm64@4.22.0':
    optional: true

  '@rollup/rollup-darwin-arm64@4.22.0':
    optional: true

  '@rollup/rollup-darwin-x64@4.22.0':
    optional: true

  '@rollup/rollup-linux-arm-gnueabihf@4.22.0':
    optional: true

  '@rollup/rollup-linux-arm-musleabihf@4.22.0':
    optional: true

  '@rollup/rollup-linux-arm64-gnu@4.22.0':
    optional: true

  '@rollup/rollup-linux-arm64-musl@4.22.0':
    optional: true

  '@rollup/rollup-linux-powerpc64le-gnu@4.22.0':
    optional: true

  '@rollup/rollup-linux-riscv64-gnu@4.22.0':
    optional: true

  '@rollup/rollup-linux-s390x-gnu@4.22.0':
    optional: true

  '@rollup/rollup-linux-x64-gnu@4.22.0':
    optional: true

  '@rollup/rollup-linux-x64-musl@4.22.0':
    optional: true

  '@rollup/rollup-win32-arm64-msvc@4.22.0':
    optional: true

  '@rollup/rollup-win32-ia32-msvc@4.22.0':
    optional: true

  '@rollup/rollup-win32-x64-msvc@4.22.0':
    optional: true

  '@types/estree@1.0.5': {}

  '@types/node@22.5.5':
    dependencies:
      undici-types: 6.19.8

  '@vitejs/plugin-vue@5.1.4(vite@5.4.6(@types/node@22.5.5)(sass@1.79.2))(vue@3.5.6(typescript@5.6.2))':
    dependencies:
      vite: 5.4.6(@types/node@22.5.5)(sass@1.79.2)
      vue: 3.5.6(typescript@5.6.2)

  '@volar/language-core@2.4.5':
    dependencies:
      '@volar/source-map': 2.4.5

  '@volar/source-map@2.4.5': {}

  '@volar/typescript@2.4.5':
    dependencies:
      '@volar/language-core': 2.4.5
      path-browserify: 1.0.1
      vscode-uri: 3.0.8

  '@vue/compiler-core@3.5.6':
    dependencies:
      '@babel/parser': 7.25.6
      '@vue/shared': 3.5.6
      entities: 4.5.0
      estree-walker: 2.0.2
      source-map-js: 1.2.1

  '@vue/compiler-dom@3.5.6':
    dependencies:
      '@vue/compiler-core': 3.5.6
      '@vue/shared': 3.5.6

  '@vue/compiler-sfc@3.5.6':
    dependencies:
      '@babel/parser': 7.25.6
      '@vue/compiler-core': 3.5.6
      '@vue/compiler-dom': 3.5.6
      '@vue/compiler-ssr': 3.5.6
      '@vue/shared': 3.5.6
      estree-walker: 2.0.2
      magic-string: 0.30.11
      postcss: 8.4.47
      source-map-js: 1.2.1

  '@vue/compiler-ssr@3.5.6':
    dependencies:
      '@vue/compiler-dom': 3.5.6
      '@vue/shared': 3.5.6

  '@vue/compiler-vue2@2.7.16':
    dependencies:
      de-indent: 1.0.2
      he: 1.2.0

  '@vue/devtools-api@6.6.4': {}

  '@vue/language-core@2.1.6(typescript@5.6.2)':
    dependencies:
      '@volar/language-core': 2.4.5
      '@vue/compiler-dom': 3.5.6
      '@vue/compiler-vue2': 2.7.16
      '@vue/shared': 3.5.6
      computeds: 0.0.1
      minimatch: 9.0.5
      muggle-string: 0.4.1
      path-browserify: 1.0.1
    optionalDependencies:
      typescript: 5.6.2

  '@vue/reactivity@3.5.6':
    dependencies:
      '@vue/shared': 3.5.6

  '@vue/runtime-core@3.5.6':
    dependencies:
      '@vue/reactivity': 3.5.6
      '@vue/shared': 3.5.6

  '@vue/runtime-dom@3.5.6':
    dependencies:
      '@vue/reactivity': 3.5.6
      '@vue/runtime-core': 3.5.6
      '@vue/shared': 3.5.6
      csstype: 3.1.3

  '@vue/server-renderer@3.5.6(vue@3.5.6(typescript@5.6.2))':
    dependencies:
      '@vue/compiler-ssr': 3.5.6
      '@vue/shared': 3.5.6
      vue: 3.5.6(typescript@5.6.2)

  '@vue/shared@3.5.6': {}

  asynckit@0.4.0: {}

  axios@1.7.7:
    dependencies:
      follow-redirects: 1.15.9
      form-data: 4.0.0
      proxy-from-env: 1.1.0
    transitivePeerDependencies:
      - debug

  b-tween@0.3.3: {}

  b-validate@1.5.3: {}

  balanced-match@1.0.2: {}

  brace-expansion@2.0.1:
    dependencies:
      balanced-match: 1.0.2

  chokidar@4.0.0:
    dependencies:
      readdirp: 4.0.1

  color-convert@1.9.3:
    dependencies:
      color-name: 1.1.3

  color-name@1.1.3: {}

  color-name@1.1.4: {}

  color-string@1.9.1:
    dependencies:
      color-name: 1.1.4
      simple-swizzle: 0.2.2

  color@3.2.1:
    dependencies:
      color-convert: 1.9.3
      color-string: 1.9.1

  combined-stream@1.0.8:
    dependencies:
      delayed-stream: 1.0.0

  compute-scroll-into-view@1.0.20: {}

  computeds@0.0.1: {}

  csstype@3.1.3: {}

  dayjs@1.11.13: {}

  de-indent@1.0.2: {}

  delayed-stream@1.0.0: {}

  entities@4.5.0: {}

  esbuild@0.21.5:
    optionalDependencies:
      '@esbuild/aix-ppc64': 0.21.5
      '@esbuild/android-arm': 0.21.5
      '@esbuild/android-arm64': 0.21.5
      '@esbuild/android-x64': 0.21.5
      '@esbuild/darwin-arm64': 0.21.5
      '@esbuild/darwin-x64': 0.21.5
      '@esbuild/freebsd-arm64': 0.21.5
      '@esbuild/freebsd-x64': 0.21.5
      '@esbuild/linux-arm': 0.21.5
      '@esbuild/linux-arm64': 0.21.5
      '@esbuild/linux-ia32': 0.21.5
      '@esbuild/linux-loong64': 0.21.5
      '@esbuild/linux-mips64el': 0.21.5
      '@esbuild/linux-ppc64': 0.21.5
      '@esbuild/linux-riscv64': 0.21.5
      '@esbuild/linux-s390x': 0.21.5
      '@esbuild/linux-x64': 0.21.5
      '@esbuild/netbsd-x64': 0.21.5
      '@esbuild/openbsd-x64': 0.21.5
      '@esbuild/sunos-x64': 0.21.5
      '@esbuild/win32-arm64': 0.21.5
      '@esbuild/win32-ia32': 0.21.5
      '@esbuild/win32-x64': 0.21.5

  estree-walker@2.0.2: {}

  follow-redirects@1.15.9: {}

  form-data@4.0.0:
    dependencies:
      asynckit: 0.4.0
      combined-stream: 1.0.8
      mime-types: 2.1.35

  fsevents@2.3.3:
    optional: true

  he@1.2.0: {}

  immutable@4.3.7: {}

  is-arrayish@0.3.2: {}

  magic-string@0.30.11:
    dependencies:
      '@jridgewell/sourcemap-codec': 1.5.0

  mime-db@1.52.0: {}

  mime-types@2.1.35:
    dependencies:
      mime-db: 1.52.0

  minimatch@9.0.5:
    dependencies:
      brace-expansion: 2.0.1

  moment@2.30.1: {}

  monaco-editor@0.52.0: {}

  muggle-string@0.4.1: {}

  nanoid@3.3.7: {}

  number-precision@1.6.0: {}

  path-browserify@1.0.1: {}

  picocolors@1.1.0: {}

  pinia@2.2.2(typescript@5.6.2)(vue@3.5.6(typescript@5.6.2)):
    dependencies:
      '@vue/devtools-api': 6.6.4
      vue: 3.5.6(typescript@5.6.2)
      vue-demi: 0.14.10(vue@3.5.6(typescript@5.6.2))
    optionalDependencies:
      typescript: 5.6.2

  postcss@8.4.47:
    dependencies:
      nanoid: 3.3.7
      picocolors: 1.1.0
      source-map-js: 1.2.1

  proxy-from-env@1.1.0: {}

  readdirp@4.0.1: {}

  resize-observer-polyfill@1.5.1: {}

  rollup@4.22.0:
    dependencies:
      '@types/estree': 1.0.5
    optionalDependencies:
      '@rollup/rollup-android-arm-eabi': 4.22.0
      '@rollup/rollup-android-arm64': 4.22.0
      '@rollup/rollup-darwin-arm64': 4.22.0
      '@rollup/rollup-darwin-x64': 4.22.0
      '@rollup/rollup-linux-arm-gnueabihf': 4.22.0
      '@rollup/rollup-linux-arm-musleabihf': 4.22.0
      '@rollup/rollup-linux-arm64-gnu': 4.22.0
      '@rollup/rollup-linux-arm64-musl': 4.22.0
      '@rollup/rollup-linux-powerpc64le-gnu': 4.22.0
      '@rollup/rollup-linux-riscv64-gnu': 4.22.0
      '@rollup/rollup-linux-s390x-gnu': 4.22.0
      '@rollup/rollup-linux-x64-gnu': 4.22.0
      '@rollup/rollup-linux-x64-musl': 4.22.0
      '@rollup/rollup-win32-arm64-msvc': 4.22.0
      '@rollup/rollup-win32-ia32-msvc': 4.22.0
      '@rollup/rollup-win32-x64-msvc': 4.22.0
      fsevents: 2.3.3

  sass@1.79.2:
    dependencies:
      chokidar: 4.0.0
      immutable: 4.3.7
      source-map-js: 1.2.1

  scroll-into-view-if-needed@2.2.31:
    dependencies:
      compute-scroll-into-view: 1.0.20

  semver@7.6.3: {}

  simple-swizzle@0.2.2:
    dependencies:
      is-arrayish: 0.3.2

  source-map-js@1.2.1: {}

  to-fast-properties@2.0.0: {}

  typescript@5.6.2: {}

  undici-types@6.19.8: {}

  vite@5.4.6(@types/node@22.5.5)(sass@1.79.2):
    dependencies:
      esbuild: 0.21.5
      postcss: 8.4.47
      rollup: 4.22.0
    optionalDependencies:
      '@types/node': 22.5.5
      fsevents: 2.3.3
      sass: 1.79.2

  vscode-uri@3.0.8: {}

  vue-demi@0.14.10(vue@3.5.6(typescript@5.6.2)):
    dependencies:
      vue: 3.5.6(typescript@5.6.2)

  vue-router@4.4.5(vue@3.5.6(typescript@5.6.2)):
    dependencies:
      '@vue/devtools-api': 6.6.4
      vue: 3.5.6(typescript@5.6.2)

  vue-tsc@2.1.6(typescript@5.6.2):
    dependencies:
      '@volar/typescript': 2.4.5
      '@vue/language-core': 2.1.6(typescript@5.6.2)
      semver: 7.6.3
      typescript: 5.6.2

  vue@3.5.6(typescript@5.6.2):
    dependencies:
      '@vue/compiler-dom': 3.5.6
      '@vue/compiler-sfc': 3.5.6
      '@vue/runtime-dom': 3.5.6
      '@vue/server-renderer': 3.5.6(vue@3.5.6(typescript@5.6.2))
      '@vue/shared': 3.5.6
    optionalDependencies:
      typescript: 5.6.2
